
Microsoft Visual Studio Solution File, Format Version 12.00
# Visual Studio 2012
Project("{FAE04EC0-301F-11D3-BF4B-00C04F79EFBC}") = "voteService", "voteService.csproj", "{5E876B88-0FDC-4F06-B721-409C2CC83437}"
EndProject
Global
	GlobalSection(SolutionConfigurationPlatforms) = preSolution
		Debug|Any CPU = Debug|Any CPU
		Release|Any CPU = Release|Any CPU
	EndGlobalSection
	GlobalSection(ProjectConfigurationPlatforms) = postSolution
		{5E876B88-0FDC-4F06-B721-409C2CC83437}.Debug|Any CPU.ActiveCfg = Debug|Any CPU
		{5E876B88-0FDC-4F06-B721-409C2CC83437}.Debug|Any CPU.Build.0 = Debug|Any CPU
		{5E876B88-0FDC-4F06-B721-409C2CC83437}.Release|Any CPU.ActiveCfg = Release|Any CPU
		{5E876B88-0FDC-4F06-B721-409C2CC83437}.Release|Any CPU.Build.0 = Release|Any CPU
	EndGlobalSection
EndGlobal
